
Microsoft Visual Studio Solution File, Format Version 12.00
# Visual Studio Version 17
VisualStudioVersion = 17.6.33801.468
MinimumVisualStudioVersion = 10.0.40219.1
Project("{FAE04EC0-301F-11D3-BF4B-00C04F79EFBC}") = "Stok_Takip", "Stok_Takip.csproj", "{5ECB453B-9316-4D02-91ED-12E01F6CEAC4}"
EndProject
Global
	GlobalSection(SolutionConfigurationPlatforms) = preSolution
		Debug|Any CPU = Debug|Any CPU
		Release|Any CPU = Release|Any CPU
	EndGlobalSection
	GlobalSection(ProjectConfigurationPlatforms) = postSolution
		{5ECB453B-9316-4D02-91ED-12E01F6CEAC4}.Debug|Any CPU.ActiveCfg = Debug|Any CPU
		{5ECB453B-9316-4D02-91ED-12E01F6CEAC4}.Debug|Any CPU.Build.0 = Debug|Any CPU
		{5ECB453B-9316-4D02-91ED-12E01F6CEAC4}.Release|Any CPU.ActiveCfg = Release|Any CPU
		{5ECB453B-9316-4D02-91ED-12E01F6CEAC4}.Release|Any CPU.Build.0 = Release|Any CPU
	EndGlobalSection
	GlobalSection(SolutionProperties) = preSolution
		HideSolutionNode = FALSE
	EndGlobalSection
	GlobalSection(ExtensibilityGlobals) = postSolution
		SolutionGuid = {F9794812-C615-488C-8437-36AA15CF9E2F}
	EndGlobalSection
EndGlobal
