
Microsoft Visual Studio Solution File, Format Version 12.00
# Visual Studio Version 17
VisualStudioVersion = 17.6.33801.468
MinimumVisualStudioVersion = 10.0.40219.1
Project("{FAE04EC0-301F-11D3-BF4B-00C04F79EFBC}") = "deneme_githuba_aticam", "deneme_githuba_aticam.csproj", "{4D85BD89-D048-45A1-8C4D-D4C1914287C7}"
EndProject
Global
	GlobalSection(SolutionConfigurationPlatforms) = preSolution
		Debug|Any CPU = Debug|Any CPU
		Release|Any CPU = Release|Any CPU
	EndGlobalSection
	GlobalSection(ProjectConfigurationPlatforms) = postSolution
		{4D85BD89-D048-45A1-8C4D-D4C1914287C7}.Debug|Any CPU.ActiveCfg = Debug|Any CPU
		{4D85BD89-D048-45A1-8C4D-D4C1914287C7}.Debug|Any CPU.Build.0 = Debug|Any CPU
		{4D85BD89-D048-45A1-8C4D-D4C1914287C7}.Release|Any CPU.ActiveCfg = Release|Any CPU
		{4D85BD89-D048-45A1-8C4D-D4C1914287C7}.Release|Any CPU.Build.0 = Release|Any CPU
	EndGlobalSection
	GlobalSection(SolutionProperties) = preSolution
		HideSolutionNode = FALSE
	EndGlobalSection
	GlobalSection(ExtensibilityGlobals) = postSolution
		SolutionGuid = {E3C5D1A0-790E-4602-9354-4B4646AAFA39}
	EndGlobalSection
EndGlobal
