
Microsoft Visual Studio Solution File, Format Version 12.00
# Visual Studio Version 17
VisualStudioVersion = 17.6.33801.468
MinimumVisualStudioVersion = 10.0.40219.1
Project("{FAE04EC0-301F-11D3-BF4B-00C04F79EFBC}") = "solid_prensipleri_open_closed_prensibi", "solid_prensipleri_open_closed_prensibi.csproj", "{65A5F3BC-02B7-4846-AB33-B30D31A800D1}"
EndProject
Global
	GlobalSection(SolutionConfigurationPlatforms) = preSolution
		Debug|Any CPU = Debug|Any CPU
		Release|Any CPU = Release|Any CPU
	EndGlobalSection
	GlobalSection(ProjectConfigurationPlatforms) = postSolution
		{65A5F3BC-02B7-4846-AB33-B30D31A800D1}.Debug|Any CPU.ActiveCfg = Debug|Any CPU
		{65A5F3BC-02B7-4846-AB33-B30D31A800D1}.Debug|Any CPU.Build.0 = Debug|Any CPU
		{65A5F3BC-02B7-4846-AB33-B30D31A800D1}.Release|Any CPU.ActiveCfg = Release|Any CPU
		{65A5F3BC-02B7-4846-AB33-B30D31A800D1}.Release|Any CPU.Build.0 = Release|Any CPU
	EndGlobalSection
	GlobalSection(SolutionProperties) = preSolution
		HideSolutionNode = FALSE
	EndGlobalSection
	GlobalSection(ExtensibilityGlobals) = postSolution
		SolutionGuid = {882E15EC-FB72-4887-B23A-221873E252DD}
	EndGlobalSection
EndGlobal
